<Solution>
  <Project Path="EduConnect.Api/EduConnect.Api.csproj" />
  <Project Path="EduConnect.Domain/EduConnect.Domain.csproj" />
  <Project Path="EduConnect.Infrastructure/EduConnect.Infrastructure.csproj" />
  <Project Path="EduConnect.Maui/EduConnect.Maui.csproj" />
  <Project Path="EduConnect.RealTime/EduConnect.RealTime.csproj" />
  <Project Path="EduConnect.SharedUI/EduConnect.SharedUI.csproj" />
  <Project Path="EduConnect.Web/EduConnect.Web.csproj" />
</Solution>
